
Microsoft Visual Studio Solution File, Format Version 12.00
# Visual Studio 15
VisualStudioVersion = 15.0.27428.2015
MinimumVisualStudioVersion = 10.0.40219.1
Project("{FAE04EC0-301F-11D3-BF4B-00C04F79EFBC}") = "Practice", "ConsoleApp1\Practice.csproj", "{1D133042-E21F-4FD2-B61E-C82060253ECD}"
EndProject
Global
	GlobalSection(SolutionConfigurationPlatforms) = preSolution
		Debug|Any CPU = Debug|Any CPU
		Release|Any CPU = Release|Any CPU
	EndGlobalSection
	GlobalSection(ProjectConfigurationPlatforms) = postSolution
		{1D133042-E21F-4FD2-B61E-C82060253ECD}.Debug|Any CPU.ActiveCfg = Debug|Any CPU
		{1D133042-E21F-4FD2-B61E-C82060253ECD}.Debug|Any CPU.Build.0 = Debug|Any CPU
		{1D133042-E21F-4FD2-B61E-C82060253ECD}.Release|Any CPU.ActiveCfg = Release|Any CPU
		{1D133042-E21F-4FD2-B61E-C82060253ECD}.Release|Any CPU.Build.0 = Release|Any CPU
	EndGlobalSection
	GlobalSection(SolutionProperties) = preSolution
		HideSolutionNode = FALSE
	EndGlobalSection
	GlobalSection(ExtensibilityGlobals) = postSolution
		SolutionGuid = {E234D30B-4BA4-4D21-B732-BAF3B116D340}
	EndGlobalSection
EndGlobal
